
Microsoft Visual Studio Solution File, Format Version 12.00
# Visual Studio 15
VisualStudioVersion = 15.0.28307.572
MinimumVisualStudioVersion = 10.0.40219.1
Project("{FAE04EC0-301F-11D3-BF4B-00C04F79EFBC}") = "whyIEnumerable", "Linq\whyIEnumerable.csproj", "{9157291D-7832-46EA-A7CE-CB82CC393A43}"
EndProject
Project("{FAE04EC0-301F-11D3-BF4B-00C04F79EFBC}") = "DeferedQueries", "DeferedQueries\DeferedQueries.csproj", "{E7A44B7B-6E81-44B1-8214-5EC634FE09F2}"
EndProject
Project("{FAE04EC0-301F-11D3-BF4B-00C04F79EFBC}") = "LinqQueries", "LinqQueries\LinqQueries.csproj", "{359713CC-694A-4E43-A634-8DDB4FDFC00F}"
EndProject
Project("{FAE04EC0-301F-11D3-BF4B-00C04F79EFBC}") = "PaggingWithSkipAndTake", "PaggingWithSkipAndTake\PaggingWithSkipAndTake.csproj", "{CF001725-0574-402E-A0EF-F01D8D602D8D}"
EndProject
Project("{FAE04EC0-301F-11D3-BF4B-00C04F79EFBC}") = "SelectvsSelectMany", "SelectvsSelectMany\SelectvsSelectMany.csproj", "{BF3DBA59-8177-4DCD-ADA0-8DEE22AF060D}"
EndProject
Project("{FAE04EC0-301F-11D3-BF4B-00C04F79EFBC}") = "WhyLinq", "WhyLinq\WhyLinq.csproj", "{8D37CC3E-A9CD-4DF5-AC18-7886D096A6C6}"
EndProject
Global
	GlobalSection(SolutionConfigurationPlatforms) = preSolution
		Debug|Any CPU = Debug|Any CPU
		Release|Any CPU = Release|Any CPU
	EndGlobalSection
	GlobalSection(ProjectConfigurationPlatforms) = postSolution
		{9157291D-7832-46EA-A7CE-CB82CC393A43}.Debug|Any CPU.ActiveCfg = Debug|Any CPU
		{9157291D-7832-46EA-A7CE-CB82CC393A43}.Debug|Any CPU.Build.0 = Debug|Any CPU
		{9157291D-7832-46EA-A7CE-CB82CC393A43}.Release|Any CPU.ActiveCfg = Release|Any CPU
		{9157291D-7832-46EA-A7CE-CB82CC393A43}.Release|Any CPU.Build.0 = Release|Any CPU
		{E7A44B7B-6E81-44B1-8214-5EC634FE09F2}.Debug|Any CPU.ActiveCfg = Debug|Any CPU
		{E7A44B7B-6E81-44B1-8214-5EC634FE09F2}.Debug|Any CPU.Build.0 = Debug|Any CPU
		{E7A44B7B-6E81-44B1-8214-5EC634FE09F2}.Release|Any CPU.ActiveCfg = Release|Any CPU
		{E7A44B7B-6E81-44B1-8214-5EC634FE09F2}.Release|Any CPU.Build.0 = Release|Any CPU
		{359713CC-694A-4E43-A634-8DDB4FDFC00F}.Debug|Any CPU.ActiveCfg = Debug|Any CPU
		{359713CC-694A-4E43-A634-8DDB4FDFC00F}.Debug|Any CPU.Build.0 = Debug|Any CPU
		{359713CC-694A-4E43-A634-8DDB4FDFC00F}.Release|Any CPU.ActiveCfg = Release|Any CPU
		{359713CC-694A-4E43-A634-8DDB4FDFC00F}.Release|Any CPU.Build.0 = Release|Any CPU
		{CF001725-0574-402E-A0EF-F01D8D602D8D}.Debug|Any CPU.ActiveCfg = Debug|Any CPU
		{CF001725-0574-402E-A0EF-F01D8D602D8D}.Debug|Any CPU.Build.0 = Debug|Any CPU
		{CF001725-0574-402E-A0EF-F01D8D602D8D}.Release|Any CPU.ActiveCfg = Release|Any CPU
		{CF001725-0574-402E-A0EF-F01D8D602D8D}.Release|Any CPU.Build.0 = Release|Any CPU
		{BF3DBA59-8177-4DCD-ADA0-8DEE22AF060D}.Debug|Any CPU.ActiveCfg = Debug|Any CPU
		{BF3DBA59-8177-4DCD-ADA0-8DEE22AF060D}.Debug|Any CPU.Build.0 = Debug|Any CPU
		{BF3DBA59-8177-4DCD-ADA0-8DEE22AF060D}.Release|Any CPU.ActiveCfg = Release|Any CPU
		{BF3DBA59-8177-4DCD-ADA0-8DEE22AF060D}.Release|Any CPU.Build.0 = Release|Any CPU
		{8D37CC3E-A9CD-4DF5-AC18-7886D096A6C6}.Debug|Any CPU.ActiveCfg = Debug|Any CPU
		{8D37CC3E-A9CD-4DF5-AC18-7886D096A6C6}.Debug|Any CPU.Build.0 = Debug|Any CPU
		{8D37CC3E-A9CD-4DF5-AC18-7886D096A6C6}.Release|Any CPU.ActiveCfg = Release|Any CPU
		{8D37CC3E-A9CD-4DF5-AC18-7886D096A6C6}.Release|Any CPU.Build.0 = Release|Any CPU
	EndGlobalSection
	GlobalSection(SolutionProperties) = preSolution
		HideSolutionNode = FALSE
	EndGlobalSection
	GlobalSection(ExtensibilityGlobals) = postSolution
		SolutionGuid = {1072CEA1-816D-4746-B76F-8497388A6BA1}
	EndGlobalSection
EndGlobal
